
Microsoft Visual Studio Solution File, Format Version 12.00
# Visual Studio Version 17
VisualStudioVersion = 17.2.32616.157
MinimumVisualStudioVersion = 10.0.40219.1
Project("{FAE04EC0-301F-11D3-BF4B-00C04F79EFBC}") = "BlazorApp", "BlazorApp\BlazorApp.csproj", "{264E44C5-BF61-4F56-AF11-444557BC86FA}"
EndProject
Global
	GlobalSection(SolutionConfigurationPlatforms) = preSolution
		Debug|Any CPU = Debug|Any CPU
		Release|Any CPU = Release|Any CPU
	EndGlobalSection
	GlobalSection(ProjectConfigurationPlatforms) = postSolution
		{264E44C5-BF61-4F56-AF11-444557BC86FA}.Debug|Any CPU.ActiveCfg = Debug|Any CPU
		{264E44C5-BF61-4F56-AF11-444557BC86FA}.Debug|Any CPU.Build.0 = Debug|Any CPU
		{264E44C5-BF61-4F56-AF11-444557BC86FA}.Release|Any CPU.ActiveCfg = Release|Any CPU
		{264E44C5-BF61-4F56-AF11-444557BC86FA}.Release|Any CPU.Build.0 = Release|Any CPU
	EndGlobalSection
	GlobalSection(SolutionProperties) = preSolution
		HideSolutionNode = FALSE
	EndGlobalSection
	GlobalSection(ExtensibilityGlobals) = postSolution
		SolutionGuid = {AE9E61EE-7D43-480B-85C3-B0CE10B27077}
	EndGlobalSection
EndGlobal
